
Microsoft Visual Studio Solution File, Format Version 12.00
# Visual Studio Version 17
VisualStudioVersion = 17.11.35208.52
MinimumVisualStudioVersion = 10.0.40219.1
Project("{FAE04EC0-301F-11D3-BF4B-00C04F79EFBC}") = "FastAPI", "FastAPI\FastAPI.csproj", "{1E26A817-12CE-4F3E-9FCD-B77020188845}"
EndProject
Global
	GlobalSection(SolutionConfigurationPlatforms) = preSolution
		Debug|Any CPU = Debug|Any CPU
		Release|Any CPU = Release|Any CPU
	EndGlobalSection
	GlobalSection(ProjectConfigurationPlatforms) = postSolution
		{1E26A817-12CE-4F3E-9FCD-B77020188845}.Debug|Any CPU.ActiveCfg = Debug|Any CPU
		{1E26A817-12CE-4F3E-9FCD-B77020188845}.Debug|Any CPU.Build.0 = Debug|Any CPU
		{1E26A817-12CE-4F3E-9FCD-B77020188845}.Release|Any CPU.ActiveCfg = Release|Any CPU
		{1E26A817-12CE-4F3E-9FCD-B77020188845}.Release|Any CPU.Build.0 = Release|Any CPU
	EndGlobalSection
	GlobalSection(SolutionProperties) = preSolution
		HideSolutionNode = FALSE
	EndGlobalSection
	GlobalSection(ExtensibilityGlobals) = postSolution
		SolutionGuid = {5DB7F3C5-A9AC-4F95-A290-3CCE46C7B05B}
	EndGlobalSection
EndGlobal
